
Microsoft Visual Studio Solution File, Format Version 12.00
# Visual Studio Version 16
VisualStudioVersion = 16.0.30413.136
MinimumVisualStudioVersion = 10.0.40219.1
Project("{FAE04EC0-301F-11D3-BF4B-00C04F79EFBC}") = "ImplicitConversionAndCasting", "ImplicitConversionAndCasting\ImplicitConversionAndCasting.csproj", "{1E27C6BB-2150-475D-B3E3-7B0C6D4BADCE}"
EndProject
Global
	GlobalSection(SolutionConfigurationPlatforms) = preSolution
		Debug|Any CPU = Debug|Any CPU
		Release|Any CPU = Release|Any CPU
	EndGlobalSection
	GlobalSection(ProjectConfigurationPlatforms) = postSolution
		{1E27C6BB-2150-475D-B3E3-7B0C6D4BADCE}.Debug|Any CPU.ActiveCfg = Debug|Any CPU
		{1E27C6BB-2150-475D-B3E3-7B0C6D4BADCE}.Debug|Any CPU.Build.0 = Debug|Any CPU
		{1E27C6BB-2150-475D-B3E3-7B0C6D4BADCE}.Release|Any CPU.ActiveCfg = Release|Any CPU
		{1E27C6BB-2150-475D-B3E3-7B0C6D4BADCE}.Release|Any CPU.Build.0 = Release|Any CPU
	EndGlobalSection
	GlobalSection(SolutionProperties) = preSolution
		HideSolutionNode = FALSE
	EndGlobalSection
	GlobalSection(ExtensibilityGlobals) = postSolution
		SolutionGuid = {CD00E56C-6C82-4D9F-9C89-3FA8426F1E11}
	EndGlobalSection
EndGlobal
